
Microsoft Visual Studio Solution File, Format Version 12.00
# Visual Studio 15
VisualStudioVersion = 15.0.26730.16
MinimumVisualStudioVersion = 10.0.40219.1
Project("{FAE04EC0-301F-11D3-BF4B-00C04F79EFBC}") = "TxtBasedRPG", "TxtBasedRPG\TxtBasedRPG.csproj", "{23BEDAE2-C7DA-41B6-868A-720D81C7886B}"
EndProject
Global
	GlobalSection(SolutionConfigurationPlatforms) = preSolution
		Debug|Any CPU = Debug|Any CPU
		Release|Any CPU = Release|Any CPU
	EndGlobalSection
	GlobalSection(ProjectConfigurationPlatforms) = postSolution
		{23BEDAE2-C7DA-41B6-868A-720D81C7886B}.Debug|Any CPU.ActiveCfg = Debug|Any CPU
		{23BEDAE2-C7DA-41B6-868A-720D81C7886B}.Debug|Any CPU.Build.0 = Debug|Any CPU
		{23BEDAE2-C7DA-41B6-868A-720D81C7886B}.Release|Any CPU.ActiveCfg = Release|Any CPU
		{23BEDAE2-C7DA-41B6-868A-720D81C7886B}.Release|Any CPU.Build.0 = Release|Any CPU
	EndGlobalSection
	GlobalSection(SolutionProperties) = preSolution
		HideSolutionNode = FALSE
	EndGlobalSection
	GlobalSection(ExtensibilityGlobals) = postSolution
		SolutionGuid = {0C646318-9F1F-46F6-96F3-7F2D3844BF3F}
	EndGlobalSection
EndGlobal
